
Microsoft Visual Studio Solution File, Format Version 12.00
# Visual Studio 14
VisualStudioVersion = 14.0.25420.1
MinimumVisualStudioVersion = 10.0.40219.1
Project("{8BC9CEB8-8B4A-11D0-8D11-00A0C91BC942}") = "SampleLib", "SampleLib\SampleLib.vcxproj", "{F6727845-5F36-4448-AC67-F9568906580F}"
EndProject
Project("{FAE04EC0-301F-11D3-BF4B-00C04F79EFBC}") = "SampleUniversalApp", "..\SampleUniversalApp\SampleUniversalApp.csproj", "{B88B0BB5-498E-4153-BABB-D880A98EA940}"
EndProject
Project("{8BC9CEB8-8B4A-11D0-8D11-00A0C91BC942}") = "SampleNativeTest", "..\SampleNativeTest\SampleNativeTest.vcxproj", "{4A17C44B-01B7-4465-97FE-0804AA46728E}"
EndProject
Global
	GlobalSection(SolutionConfigurationPlatforms) = preSolution
		Debug|ARM = Debug|ARM
		Debug|x64 = Debug|x64
		Debug|x86 = Debug|x86
		Release|ARM = Release|ARM
		Release|x64 = Release|x64
		Release|x86 = Release|x86
	EndGlobalSection
	GlobalSection(ProjectConfigurationPlatforms) = postSolution
		{F6727845-5F36-4448-AC67-F9568906580F}.Debug|ARM.ActiveCfg = Debug|Win32
		{F6727845-5F36-4448-AC67-F9568906580F}.Debug|x64.ActiveCfg = Debug|x64
		{F6727845-5F36-4448-AC67-F9568906580F}.Debug|x64.Build.0 = Debug|x64
		{F6727845-5F36-4448-AC67-F9568906580F}.Debug|x86.ActiveCfg = Debug|Win32
		{F6727845-5F36-4448-AC67-F9568906580F}.Debug|x86.Build.0 = Debug|Win32
		{F6727845-5F36-4448-AC67-F9568906580F}.Release|ARM.ActiveCfg = Release|Win32
		{F6727845-5F36-4448-AC67-F9568906580F}.Release|x64.ActiveCfg = Release|x64
		{F6727845-5F36-4448-AC67-F9568906580F}.Release|x64.Build.0 = Release|x64
		{F6727845-5F36-4448-AC67-F9568906580F}.Release|x86.ActiveCfg = Release|Win32
		{F6727845-5F36-4448-AC67-F9568906580F}.Release|x86.Build.0 = Release|Win32
		{B88B0BB5-498E-4153-BABB-D880A98EA940}.Debug|ARM.ActiveCfg = Debug|ARM
		{B88B0BB5-498E-4153-BABB-D880A98EA940}.Debug|ARM.Build.0 = Debug|ARM
		{B88B0BB5-498E-4153-BABB-D880A98EA940}.Debug|ARM.Deploy.0 = Debug|ARM
		{B88B0BB5-498E-4153-BABB-D880A98EA940}.Debug|x64.ActiveCfg = Debug|x64
		{B88B0BB5-498E-4153-BABB-D880A98EA940}.Debug|x64.Build.0 = Debug|x64
		{B88B0BB5-498E-4153-BABB-D880A98EA940}.Debug|x64.Deploy.0 = Debug|x64
		{B88B0BB5-498E-4153-BABB-D880A98EA940}.Debug|x86.ActiveCfg = Debug|x86
		{B88B0BB5-498E-4153-BABB-D880A98EA940}.Debug|x86.Build.0 = Debug|x86
		{B88B0BB5-498E-4153-BABB-D880A98EA940}.Debug|x86.Deploy.0 = Debug|x86
		{B88B0BB5-498E-4153-BABB-D880A98EA940}.Release|ARM.ActiveCfg = Release|ARM
		{B88B0BB5-498E-4153-BABB-D880A98EA940}.Release|ARM.Build.0 = Release|ARM
		{B88B0BB5-498E-4153-BABB-D880A98EA940}.Release|ARM.Deploy.0 = Release|ARM
		{B88B0BB5-498E-4153-BABB-D880A98EA940}.Release|x64.ActiveCfg = Release|x64
		{B88B0BB5-498E-4153-BABB-D880A98EA940}.Release|x64.Build.0 = Release|x64
		{B88B0BB5-498E-4153-BABB-D880A98EA940}.Release|x64.Deploy.0 = Release|x64
		{B88B0BB5-498E-4153-BABB-D880A98EA940}.Release|x86.ActiveCfg = Release|x86
		{B88B0BB5-498E-4153-BABB-D880A98EA940}.Release|x86.Build.0 = Release|x86
		{B88B0BB5-498E-4153-BABB-D880A98EA940}.Release|x86.Deploy.0 = Release|x86
		{4A17C44B-01B7-4465-97FE-0804AA46728E}.Debug|ARM.ActiveCfg = Debug|Win32
		{4A17C44B-01B7-4465-97FE-0804AA46728E}.Debug|x64.ActiveCfg = Debug|x64
		{4A17C44B-01B7-4465-97FE-0804AA46728E}.Debug|x64.Build.0 = Debug|x64
		{4A17C44B-01B7-4465-97FE-0804AA46728E}.Debug|x86.ActiveCfg = Debug|Win32
		{4A17C44B-01B7-4465-97FE-0804AA46728E}.Debug|x86.Build.0 = Debug|Win32
		{4A17C44B-01B7-4465-97FE-0804AA46728E}.Release|ARM.ActiveCfg = Release|Win32
		{4A17C44B-01B7-4465-97FE-0804AA46728E}.Release|x64.ActiveCfg = Release|x64
		{4A17C44B-01B7-4465-97FE-0804AA46728E}.Release|x64.Build.0 = Release|x64
		{4A17C44B-01B7-4465-97FE-0804AA46728E}.Release|x86.ActiveCfg = Release|Win32
		{4A17C44B-01B7-4465-97FE-0804AA46728E}.Release|x86.Build.0 = Release|Win32
	EndGlobalSection
	GlobalSection(SolutionProperties) = preSolution
		HideSolutionNode = FALSE
	EndGlobalSection
EndGlobal
